
Microsoft Visual Studio Solution File, Format Version 12.00
# Visual Studio Version 17
VisualStudioVersion = 17.4.33213.308
MinimumVisualStudioVersion = 10.0.40219.1
Project("{2150E333-8FDC-42A3-9474-1A3956D46DE8}") = "Core", "Core", "{81E3702E-11A7-4093-AA68-23E87EA860DB}"
EndProject
Project("{9A19103F-16F7-4668-BE54-9A1E7A4F7556}") = "Ecobox.Domain", "Report.Domain\Ecobox.Domain.csproj", "{654DF024-1368-47CB-A4A3-4F019B99EA62}"
EndProject
Project("{2150E333-8FDC-42A3-9474-1A3956D46DE8}") = "Infostructure", "Infostructure", "{5DF00689-2FED-4F94-B732-4D7ED9712F8E}"
EndProject
Project("{9A19103F-16F7-4668-BE54-9A1E7A4F7556}") = "EcoboxPersistence", "Reports.Persistence\EcoboxPersistence.csproj", "{303132EA-F874-46EB-A929-5A08CCB691DA}"
EndProject
Project("{9A19103F-16F7-4668-BE54-9A1E7A4F7556}") = "Ecobox.Applications", "ReportsApplication\Ecobox.Applications.csproj", "{35D657FB-FD39-4A0C-B189-139DBAA346DD}"
EndProject
Project("{2150E333-8FDC-42A3-9474-1A3956D46DE8}") = "Presentation", "Presentation", "{C697A9F8-5B96-45CA-98D3-D583769D3585}"
EndProject
Project("{9A19103F-16F7-4668-BE54-9A1E7A4F7556}") = "Ecobox.WebApi", "Reports.WebApi\Ecobox.WebApi.csproj", "{64723912-EF59-46A4-AEC7-329EFEE22BED}"
EndProject
Project("{FAE04EC0-301F-11D3-BF4B-00C04F79EFBC}") = "EcoboxApi.IntegrationTests", "EcoboxApi.IntegrationTests\EcoboxApi.IntegrationTests.csproj", "{CC2B8754-F42F-4CE8-89DB-5F6ED4330174}"
EndProject
Global
	GlobalSection(SolutionConfigurationPlatforms) = preSolution
		Debug|Any CPU = Debug|Any CPU
		Release|Any CPU = Release|Any CPU
	EndGlobalSection
	GlobalSection(ProjectConfigurationPlatforms) = postSolution
		{654DF024-1368-47CB-A4A3-4F019B99EA62}.Debug|Any CPU.ActiveCfg = Debug|Any CPU
		{654DF024-1368-47CB-A4A3-4F019B99EA62}.Debug|Any CPU.Build.0 = Debug|Any CPU
		{654DF024-1368-47CB-A4A3-4F019B99EA62}.Release|Any CPU.ActiveCfg = Release|Any CPU
		{654DF024-1368-47CB-A4A3-4F019B99EA62}.Release|Any CPU.Build.0 = Release|Any CPU
		{303132EA-F874-46EB-A929-5A08CCB691DA}.Debug|Any CPU.ActiveCfg = Debug|Any CPU
		{303132EA-F874-46EB-A929-5A08CCB691DA}.Debug|Any CPU.Build.0 = Debug|Any CPU
		{303132EA-F874-46EB-A929-5A08CCB691DA}.Release|Any CPU.ActiveCfg = Release|Any CPU
		{303132EA-F874-46EB-A929-5A08CCB691DA}.Release|Any CPU.Build.0 = Release|Any CPU
		{35D657FB-FD39-4A0C-B189-139DBAA346DD}.Debug|Any CPU.ActiveCfg = Debug|Any CPU
		{35D657FB-FD39-4A0C-B189-139DBAA346DD}.Debug|Any CPU.Build.0 = Debug|Any CPU
		{35D657FB-FD39-4A0C-B189-139DBAA346DD}.Release|Any CPU.ActiveCfg = Release|Any CPU
		{35D657FB-FD39-4A0C-B189-139DBAA346DD}.Release|Any CPU.Build.0 = Release|Any CPU
		{64723912-EF59-46A4-AEC7-329EFEE22BED}.Debug|Any CPU.ActiveCfg = Debug|Any CPU
		{64723912-EF59-46A4-AEC7-329EFEE22BED}.Debug|Any CPU.Build.0 = Debug|Any CPU
		{64723912-EF59-46A4-AEC7-329EFEE22BED}.Release|Any CPU.ActiveCfg = Release|Any CPU
		{64723912-EF59-46A4-AEC7-329EFEE22BED}.Release|Any CPU.Build.0 = Release|Any CPU
		{CC2B8754-F42F-4CE8-89DB-5F6ED4330174}.Debug|Any CPU.ActiveCfg = Debug|Any CPU
		{CC2B8754-F42F-4CE8-89DB-5F6ED4330174}.Debug|Any CPU.Build.0 = Debug|Any CPU
		{CC2B8754-F42F-4CE8-89DB-5F6ED4330174}.Release|Any CPU.ActiveCfg = Release|Any CPU
		{CC2B8754-F42F-4CE8-89DB-5F6ED4330174}.Release|Any CPU.Build.0 = Release|Any CPU
	EndGlobalSection
	GlobalSection(SolutionProperties) = preSolution
		HideSolutionNode = FALSE
	EndGlobalSection
	GlobalSection(NestedProjects) = preSolution
		{654DF024-1368-47CB-A4A3-4F019B99EA62} = {81E3702E-11A7-4093-AA68-23E87EA860DB}
		{303132EA-F874-46EB-A929-5A08CCB691DA} = {5DF00689-2FED-4F94-B732-4D7ED9712F8E}
		{35D657FB-FD39-4A0C-B189-139DBAA346DD} = {81E3702E-11A7-4093-AA68-23E87EA860DB}
		{64723912-EF59-46A4-AEC7-329EFEE22BED} = {C697A9F8-5B96-45CA-98D3-D583769D3585}
	EndGlobalSection
	GlobalSection(ExtensibilityGlobals) = postSolution
		SolutionGuid = {97A072A0-8428-4AA7-B391-DAA5D6490C2B}
	EndGlobalSection
EndGlobal
